// !$*UTF8*$!
{
	archiveVersion = 1;
	classes = {
	};
	objectVersion = 46;
	objects = {

/* Begin PBXBuildFile section */
		3D5D84BD19B3FF970042EFE8 /* main.m in Sources */ = {isa = PBXBuildFile; fileRef = 3D5D84BA19B3FF970042EFE8 /* main.m */; };
		3D5D84BE19B3FF970042EFE8 /* PlistInterface.m in Sources */ = {isa = PBXBuildFile; fileRef = 3D5D84BC19B3FF970042EFE8 /* PlistInterface.m */; };
/* End PBXBuildFile section */

/* Begin PBXCopyFilesBuildPhase section */
		3DFE756C19B387E300B87D0B /* CopyFiles */ = {
			isa = PBXCopyFilesBuildPhase;
			buildActionMask = 2147483647;
			dstPath = /usr/share/man/man1/;
			dstSubfolderSpec = 0;
			files = (
			);
			runOnlyForDeploymentPostprocessing = 1;
		};
/* End PBXCopyFilesBuildPhase section */

/* Begin PBXFileReference section */
		3D5D84BA19B3FF970042EFE8 /* main.m */ = {isa = PBXFileReference; fileEncoding = 4; lastKnownFileType = sourcecode.c.objc; path = main.m; sourceTree = "<group>"; };
		3D5D84BB19B3FF970042EFE8 /* PlistInterface.h */ = {isa = PBXFileReference; fileEncoding = 4; lastKnownFileType = sourcecode.c.h; path = PlistInterface.h; sourceTree = "<group>"; };
		3D5D84BC19B3FF970042EFE8 /* PlistInterface.m */ = {isa = PBXFileReference; fileEncoding = 4; lastKnownFileType = sourcecode.c.objc; path = PlistInterface.m; sourceTree = "<group>"; };
		3DFE756E19B387E300B87D0B /* versionnumber */ = {isa = PBXFileReference; explicitFileType = "compiled.mach-o.executable"; includeInIndex = 0; path = versionnumber; sourceTree = BUILT_PRODUCTS_DIR; };
/* End PBXFileReference section */

/* Begin PBXFrameworksBuildPhase section */
		3DFE756B19B387E300B87D0B /* Frameworks */ = {
			isa = PBXFrameworksBuildPhase;
			buildActionMask = 2147483647;
			files = (
			);
			runOnlyForDeploymentPostprocessing = 0;
		};
/* End PBXFrameworksBuildPhase section */

/* Begin PBXGroup section */
		3D5D84B919B3FF970042EFE8 /* plisteditor */ = {
			isa = PBXGroup;
			children = (
				3D5D84BA19B3FF970042EFE8 /* main.m */,
				3D5D84BB19B3FF970042EFE8 /* PlistInterface.h */,
				3D5D84BC19B3FF970042EFE8 /* PlistInterface.m */,
			);
			path = plisteditor;
			sourceTree = "<group>";
		};
		3DFE756519B387E300B87D0B = {
			isa = PBXGroup;
			children = (
				3D5D84B919B3FF970042EFE8 /* plisteditor */,
				3DFE756F19B387E300B87D0B /* Products */,
			);
			sourceTree = "<group>";
		};
		3DFE756F19B387E300B87D0B /* Products */ = {
			isa = PBXGroup;
			children = (
				3DFE756E19B387E300B87D0B /* versionnumber */,
			);
			name = Products;
			sourceTree = "<group>";
		};
/* End PBXGroup section */

/* Begin PBXNativeTarget section */
		3DFE756D19B387E300B87D0B /* plisteditor */ = {
			isa = PBXNativeTarget;
			buildConfigurationList = 3DFE757519B387E300B87D0B /* Build configuration list for PBXNativeTarget "plisteditor" */;
			buildPhases = (
				3DFE756A19B387E300B87D0B /* Sources */,
				3DFE756B19B387E300B87D0B /* Frameworks */,
				3DFE756C19B387E300B87D0B /* CopyFiles */,
			);
			buildRules = (
			);
			dependencies = (
			);
			name = plisteditor;
			productName = versionnumber;
			productReference = 3DFE756E19B387E300B87D0B /* versionnumber */;
			productType = "com.apple.product-type.tool";
		};
/* End PBXNativeTarget section */

/* Begin PBXProject section */
		3DFE756619B387E300B87D0B /* Project object */ = {
			isa = PBXProject;
			attributes = {
				LastUpgradeCheck = 0600;
				ORGANIZATIONNAME = "Jan Sichermann";
				TargetAttributes = {
					3DFE756D19B387E300B87D0B = {
						CreatedOnToolsVersion = 6.0;
					};
				};
			};
			buildConfigurationList = 3DFE756919B387E300B87D0B /* Build configuration list for PBXProject "plisteditor" */;
			compatibilityVersion = "Xcode 3.2";
			developmentRegion = English;
			hasScannedForEncodings = 0;
			knownRegions = (
				en,
			);
			mainGroup = 3DFE756519B387E300B87D0B;
			productRefGroup = 3DFE756F19B387E300B87D0B /* Products */;
			projectDirPath = "";
			projectRoot = "";
			targets = (
				3DFE756D19B387E300B87D0B /* plisteditor */,
			);
		};
/* End PBXProject section */

/* Begin PBXSourcesBuildPhase section */
		3DFE756A19B387E300B87D0B /* Sources */ = {
			isa = PBXSourcesBuildPhase;
			buildActionMask = 2147483647;
			files = (
				3D5D84BE19B3FF970042EFE8 /* PlistInterface.m in Sources */,
				3D5D84BD19B3FF970042EFE8 /* main.m in Sources */,
			);
			runOnlyForDeploymentPostprocessing = 0;
		};
/* End PBXSourcesBuildPhase section */

/* Begin XCBuildConfiguration section */
		3DFE757419B387E300B87D0B /* Release */ = {
			isa = XCBuildConfiguration;
			buildSettings = {
				ALWAYS_SEARCH_USER_PATHS = NO;
				CLANG_CXX_LANGUAGE_STANDARD = "gnu++0x";
				CLANG_CXX_LIBRARY = "libc++";
				CLANG_ENABLE_MODULES = YES;
				CLANG_ENABLE_OBJC_ARC = YES;
				CLANG_WARN_BOOL_CONVERSION = YES;
				CLANG_WARN_CONSTANT_CONVERSION = YES;
				CLANG_WARN_DIRECT_OBJC_ISA_USAGE = YES_ERROR;
				CLANG_WARN_EMPTY_BODY = YES;
				CLANG_WARN_ENUM_CONVERSION = YES;
				CLANG_WARN_INT_CONVERSION = YES;
				CLANG_WARN_OBJC_ROOT_CLASS = YES_ERROR;
				CLANG_WARN_UNREACHABLE_CODE = YES;
				CLANG_WARN__DUPLICATE_METHOD_MATCH = YES;
				COPY_PHASE_STRIP = YES;
				DEBUG_INFORMATION_FORMAT = "dwarf-with-dsym";
				ENABLE_NS_ASSERTIONS = NO;
				ENABLE_STRICT_OBJC_MSGSEND = YES;
				GCC_C_LANGUAGE_STANDARD = gnu99;
				GCC_WARN_64_TO_32_BIT_CONVERSION = YES;
				GCC_WARN_ABOUT_RETURN_TYPE = YES_ERROR;
				GCC_WARN_UNDECLARED_SELECTOR = YES;
				GCC_WARN_UNINITIALIZED_AUTOS = YES_AGGRESSIVE;
				GCC_WARN_UNUSED_FUNCTION = YES;
				GCC_WARN_UNUSED_VARIABLE = YES;
				MACOSX_DEPLOYMENT_TARGET = 10.10;
				MTL_ENABLE_DEBUG_INFO = NO;
				SDKROOT = macosx;
			};
			name = Release;
		};
		3DFE757719B387E300B87D0B /* Release */ = {
			isa = XCBuildConfiguration;
			buildSettings = {
				PRODUCT_NAME = "$(TARGET_NAME)";
			};
			name = Release;
		};
/* End XCBuildConfiguration section */

/* Begin XCConfigurationList section */
		3DFE756919B387E300B87D0B /* Build configuration list for PBXProject "plisteditor" */ = {
			isa = XCConfigurationList;
			buildConfigurations = (
				3DFE757419B387E300B87D0B /* Release */,
			);
			defaultConfigurationIsVisible = 0;
			defaultConfigurationName = Release;
		};
		3DFE757519B387E300B87D0B /* Build configuration list for PBXNativeTarget "plisteditor" */ = {
			isa = XCConfigurationList;
			buildConfigurations = (
				3DFE757719B387E300B87D0B /* Release */,
			);
			defaultConfigurationIsVisible = 0;
			defaultConfigurationName = Release;
		};
/* End XCConfigurationList section */
	};
	rootObject = 3DFE756619B387E300B87D0B /* Project object */;
}
